
Microsoft Visual Studio Solution File, Format Version 12.00
# Visual Studio Version 16
VisualStudioVersion = 16.0.32929.386
MinimumVisualStudioVersion = 10.0.40219.1
Project("{FAE04EC0-301F-11D3-BF4B-00C04F79EFBC}") = "TelefonSatisUygulamasi", "TelefonSatisUygulamasi\TelefonSatisUygulamasi.csproj", "{2F65E35A-0BF4-4ED0-8E1E-8535EDF7E6F4}"
EndProject
Global
	GlobalSection(SolutionConfigurationPlatforms) = preSolution
		Debug|Any CPU = Debug|Any CPU
		Release|Any CPU = Release|Any CPU
	EndGlobalSection
	GlobalSection(ProjectConfigurationPlatforms) = postSolution
		{2F65E35A-0BF4-4ED0-8E1E-8535EDF7E6F4}.Debug|Any CPU.ActiveCfg = Debug|Any CPU
		{2F65E35A-0BF4-4ED0-8E1E-8535EDF7E6F4}.Debug|Any CPU.Build.0 = Debug|Any CPU
		{2F65E35A-0BF4-4ED0-8E1E-8535EDF7E6F4}.Release|Any CPU.ActiveCfg = Release|Any CPU
		{2F65E35A-0BF4-4ED0-8E1E-8535EDF7E6F4}.Release|Any CPU.Build.0 = Release|Any CPU
	EndGlobalSection
	GlobalSection(SolutionProperties) = preSolution
		HideSolutionNode = FALSE
	EndGlobalSection
	GlobalSection(ExtensibilityGlobals) = postSolution
		SolutionGuid = {4B89FEBE-B19F-495D-9445-674895C8D56D}
	EndGlobalSection
EndGlobal
